
Microsoft Visual Studio Solution File, Format Version 12.00
# Visual Studio Version 16
VisualStudioVersion = 16.0.30330.147
MinimumVisualStudioVersion = 10.0.40219.1
Project("{9A19103F-16F7-4668-BE54-9A1E7A4F7556}") = "CardCodedDate", "CardCodedDate\CardCodedDate.csproj", "{D59089B6-C378-4786-9C9F-9867D30ED2A5}"
EndProject
Project("{FAE04EC0-301F-11D3-BF4B-00C04F79EFBC}") = "NUnitTestProject1", "NUnitTestProject1\NUnitTestProject1.csproj", "{BA22D45B-FB44-4C31-A35D-6902B02ABF3D}"
EndProject
Global
	GlobalSection(SolutionConfigurationPlatforms) = preSolution
		Debug|Any CPU = Debug|Any CPU
		Release|Any CPU = Release|Any CPU
	EndGlobalSection
	GlobalSection(ProjectConfigurationPlatforms) = postSolution
		{D59089B6-C378-4786-9C9F-9867D30ED2A5}.Debug|Any CPU.ActiveCfg = Debug|Any CPU
		{D59089B6-C378-4786-9C9F-9867D30ED2A5}.Debug|Any CPU.Build.0 = Debug|Any CPU
		{D59089B6-C378-4786-9C9F-9867D30ED2A5}.Release|Any CPU.ActiveCfg = Release|Any CPU
		{D59089B6-C378-4786-9C9F-9867D30ED2A5}.Release|Any CPU.Build.0 = Release|Any CPU
		{BA22D45B-FB44-4C31-A35D-6902B02ABF3D}.Debug|Any CPU.ActiveCfg = Debug|Any CPU
		{BA22D45B-FB44-4C31-A35D-6902B02ABF3D}.Debug|Any CPU.Build.0 = Debug|Any CPU
		{BA22D45B-FB44-4C31-A35D-6902B02ABF3D}.Release|Any CPU.ActiveCfg = Release|Any CPU
		{BA22D45B-FB44-4C31-A35D-6902B02ABF3D}.Release|Any CPU.Build.0 = Release|Any CPU
	EndGlobalSection
	GlobalSection(SolutionProperties) = preSolution
		HideSolutionNode = FALSE
	EndGlobalSection
	GlobalSection(ExtensibilityGlobals) = postSolution
		SolutionGuid = {8F2ED49B-4AAE-4311-AC76-18639EC03901}
	EndGlobalSection
EndGlobal
